
Microsoft Visual Studio Solution File, Format Version 12.00
# Visual Studio Version 17
VisualStudioVersion = 17.4.33213.308
MinimumVisualStudioVersion = 10.0.40219.1
Project("{9A19103F-16F7-4668-BE54-9A1E7A4F7556}") = "WiFiSwitcher", "WiFiSwitcher\WiFiSwitcher.csproj", "{C1166AAF-975B-4955-B9D8-20D4A6833FE8}"
EndProject
Project("{9A19103F-16F7-4668-BE54-9A1E7A4F7556}") = "WiFiSwitcherInstaller", "WiFiSwitcherInstaller\WiFiSwitcherInstaller.csproj", "{640B06D7-28A2-4339-B754-DCBC78985470}"
EndProject
Global
	GlobalSection(SolutionConfigurationPlatforms) = preSolution
		Debug|Any CPU = Debug|Any CPU
		Release|Any CPU = Release|Any CPU
	EndGlobalSection
	GlobalSection(ProjectConfigurationPlatforms) = postSolution
		{C1166AAF-975B-4955-B9D8-20D4A6833FE8}.Debug|Any CPU.ActiveCfg = Debug|Any CPU
		{C1166AAF-975B-4955-B9D8-20D4A6833FE8}.Debug|Any CPU.Build.0 = Debug|Any CPU
		{C1166AAF-975B-4955-B9D8-20D4A6833FE8}.Release|Any CPU.ActiveCfg = Release|Any CPU
		{C1166AAF-975B-4955-B9D8-20D4A6833FE8}.Release|Any CPU.Build.0 = Release|Any CPU
		{640B06D7-28A2-4339-B754-DCBC78985470}.Debug|Any CPU.ActiveCfg = Debug|Any CPU
		{640B06D7-28A2-4339-B754-DCBC78985470}.Debug|Any CPU.Build.0 = Debug|Any CPU
		{640B06D7-28A2-4339-B754-DCBC78985470}.Release|Any CPU.ActiveCfg = Release|Any CPU
		{640B06D7-28A2-4339-B754-DCBC78985470}.Release|Any CPU.Build.0 = Release|Any CPU
	EndGlobalSection
	GlobalSection(SolutionProperties) = preSolution
		HideSolutionNode = FALSE
	EndGlobalSection
	GlobalSection(ExtensibilityGlobals) = postSolution
		SolutionGuid = {DDF84793-EF5C-459B-BC1B-6D5234168EA8}
	EndGlobalSection
EndGlobal
